
Microsoft Visual Studio Solution File, Format Version 12.00
# Visual Studio Version 16
VisualStudioVersion = 16.0.808.10
MinimumVisualStudioVersion = 10.0.40219.1
Project("{FAE04EC0-301F-11D3-BF4B-00C04F79EFBC}") = "LAB18", "LAB18\LAB18.csproj", "{1AB93001-5C7E-4950-97B6-3BE739A8C228}"
EndProject
Global
	GlobalSection(SolutionConfigurationPlatforms) = preSolution
		Debug|Any CPU = Debug|Any CPU
		Release|Any CPU = Release|Any CPU
	EndGlobalSection
	GlobalSection(ProjectConfigurationPlatforms) = postSolution
		{1AB93001-5C7E-4950-97B6-3BE739A8C228}.Debug|Any CPU.ActiveCfg = Debug|Any CPU
		{1AB93001-5C7E-4950-97B6-3BE739A8C228}.Debug|Any CPU.Build.0 = Debug|Any CPU
		{1AB93001-5C7E-4950-97B6-3BE739A8C228}.Release|Any CPU.ActiveCfg = Release|Any CPU
		{1AB93001-5C7E-4950-97B6-3BE739A8C228}.Release|Any CPU.Build.0 = Release|Any CPU
	EndGlobalSection
	GlobalSection(SolutionProperties) = preSolution
		HideSolutionNode = FALSE
	EndGlobalSection
	GlobalSection(ExtensibilityGlobals) = postSolution
		SolutionGuid = {51601E1A-494A-4834-8457-BD7904FEA654}
	EndGlobalSection
EndGlobal
